{
  "name": "node-webgl",
  "version": "0.5.5",
  "lockfileVersion": 1,
  "requires": true,
  "dependencies": {
    "bindings": {
      "version": "1.5.0",
      "resolved": "https://registry.npmjs.org/bindings/-/bindings-1.5.0.tgz",
      "integrity": "sha512-p2q/t/mhvuOj/UeLlV6566GD/guowlr0hHxClI0W9m7MWYkL1F0hLo+0Aexs9HSPCtR1SXQ0TD3MMKrXZajbiQ==",
      "requires": {
        "file-uri-to-path": "1.0.0"
      }
    },
    "file-uri-to-path": {
      "version": "1.0.0",
      "resolved": "https://registry.npmjs.org/file-uri-to-path/-/file-uri-to-path-1.0.0.tgz",
      "integrity": "sha512-0Zt+s3L7Vf1biwWZ29aARiVYLx7iMGnEUl9x33fbB/j3jR81u/O2LbqK+Bm1CDSNDKVtJ/YjwY7TUd5SkeLQLw=="
    },
    "nan": {
      "version": "2.13.0",
      "resolved": "https://registry.npmjs.org/nan/-/nan-2.13.0.tgz",
      "integrity": "sha512-5DDQvN0luhXdut8SCwzm/ZuAX2W+fwhqNzfq7CZ+OJzQ6NwpcqmIGyLD1R8MEt7BeErzcsI0JLr4pND2pNp2Cw=="
    },
    "node-glfw": {
      "version": "github:floored/node-glfw#30f6a972df2a8dd6e30fdab5dcd0f27f11478b43",
      "from": "github:floored/node-glfw",
      "requires": {
        "bindings": "^1.2.1",
        "nan": "^2.1.0"
      }
    }
  }
}
